
Microsoft Visual Studio Solution File, Format Version 12.00
# Visual Studio Version 17
VisualStudioVersion = 17.11.35327.3
MinimumVisualStudioVersion = 10.0.40219.1
Project("{9A19103F-16F7-4668-BE54-9A1E7A4F7556}") = "Front_SGBM", "Front_SGBM\Front_SGBM.csproj", "{313F537C-8663-4EAC-9A4F-ACCEFE87953C}"
EndProject
Project("{9A19103F-16F7-4668-BE54-9A1E7A4F7556}") = "Negocio_SGBM", "Negocio_SGBM\Negocio_SGBM.csproj", "{5177E0A4-E38C-413E-B6EB-70C4827C0B5F}"
EndProject
Project("{9A19103F-16F7-4668-BE54-9A1E7A4F7556}") = "Datos_SGBM", "Datos_SGBM\Datos_SGBM.csproj", "{5C71869A-807F-48B0-BFB4-75EA479C8457}"
EndProject
Project("{9A19103F-16F7-4668-BE54-9A1E7A4F7556}") = "Entidades_SGBM", "Entidades_SGBM\Entidades_SGBM.csproj", "{364F171A-3B1A-4DE8-87D8-6DC7B290DB85}"
EndProject
Project("{9A19103F-16F7-4668-BE54-9A1E7A4F7556}") = "EF_SGBM", "EF_SGBM\EF_SGBM.csproj", "{E21FB4DF-9829-42B0-897A-977F39879A28}"
EndProject
Project("{FAE04EC0-301F-11D3-BF4B-00C04F79EFBC}") = "Utilidades", "Utilidades\Utilidades.csproj", "{7CAF2B7F-D167-4F62-AD55-D463A53D0376}"
EndProject
Global
	GlobalSection(SolutionConfigurationPlatforms) = preSolution
		Debug|Any CPU = Debug|Any CPU
		Release|Any CPU = Release|Any CPU
	EndGlobalSection
	GlobalSection(ProjectConfigurationPlatforms) = postSolution
		{313F537C-8663-4EAC-9A4F-ACCEFE87953C}.Debug|Any CPU.ActiveCfg = Debug|Any CPU
		{313F537C-8663-4EAC-9A4F-ACCEFE87953C}.Debug|Any CPU.Build.0 = Debug|Any CPU
		{313F537C-8663-4EAC-9A4F-ACCEFE87953C}.Release|Any CPU.ActiveCfg = Release|Any CPU
		{313F537C-8663-4EAC-9A4F-ACCEFE87953C}.Release|Any CPU.Build.0 = Release|Any CPU
		{5177E0A4-E38C-413E-B6EB-70C4827C0B5F}.Debug|Any CPU.ActiveCfg = Debug|Any CPU
		{5177E0A4-E38C-413E-B6EB-70C4827C0B5F}.Debug|Any CPU.Build.0 = Debug|Any CPU
		{5177E0A4-E38C-413E-B6EB-70C4827C0B5F}.Release|Any CPU.ActiveCfg = Release|Any CPU
		{5177E0A4-E38C-413E-B6EB-70C4827C0B5F}.Release|Any CPU.Build.0 = Release|Any CPU
		{5C71869A-807F-48B0-BFB4-75EA479C8457}.Debug|Any CPU.ActiveCfg = Debug|Any CPU
		{5C71869A-807F-48B0-BFB4-75EA479C8457}.Debug|Any CPU.Build.0 = Debug|Any CPU
		{5C71869A-807F-48B0-BFB4-75EA479C8457}.Release|Any CPU.ActiveCfg = Release|Any CPU
		{5C71869A-807F-48B0-BFB4-75EA479C8457}.Release|Any CPU.Build.0 = Release|Any CPU
		{364F171A-3B1A-4DE8-87D8-6DC7B290DB85}.Debug|Any CPU.ActiveCfg = Debug|Any CPU
		{364F171A-3B1A-4DE8-87D8-6DC7B290DB85}.Debug|Any CPU.Build.0 = Debug|Any CPU
		{364F171A-3B1A-4DE8-87D8-6DC7B290DB85}.Release|Any CPU.ActiveCfg = Release|Any CPU
		{364F171A-3B1A-4DE8-87D8-6DC7B290DB85}.Release|Any CPU.Build.0 = Release|Any CPU
		{E21FB4DF-9829-42B0-897A-977F39879A28}.Debug|Any CPU.ActiveCfg = Debug|Any CPU
		{E21FB4DF-9829-42B0-897A-977F39879A28}.Debug|Any CPU.Build.0 = Debug|Any CPU
		{E21FB4DF-9829-42B0-897A-977F39879A28}.Release|Any CPU.ActiveCfg = Release|Any CPU
		{E21FB4DF-9829-42B0-897A-977F39879A28}.Release|Any CPU.Build.0 = Release|Any CPU
		{7CAF2B7F-D167-4F62-AD55-D463A53D0376}.Debug|Any CPU.ActiveCfg = Debug|Any CPU
		{7CAF2B7F-D167-4F62-AD55-D463A53D0376}.Debug|Any CPU.Build.0 = Debug|Any CPU
		{7CAF2B7F-D167-4F62-AD55-D463A53D0376}.Release|Any CPU.ActiveCfg = Release|Any CPU
		{7CAF2B7F-D167-4F62-AD55-D463A53D0376}.Release|Any CPU.Build.0 = Release|Any CPU
	EndGlobalSection
	GlobalSection(SolutionProperties) = preSolution
		HideSolutionNode = FALSE
	EndGlobalSection
	GlobalSection(ExtensibilityGlobals) = postSolution
		SolutionGuid = {6001AF80-2890-4AD8-B0A4-750DDAAE754E}
	EndGlobalSection
EndGlobal
